
Microsoft Visual Studio Solution File, Format Version 12.00
# Visual Studio Version 16
VisualStudioVersion = 16.0.30717.126
MinimumVisualStudioVersion = 10.0.40219.1
Project("{FAE04EC0-301F-11D3-BF4B-00C04F79EFBC}") = "BlazorWasmApp.Server", "src\BlazorWasmApp\Server\BlazorWasmApp.Server.csproj", "{5CA0564D-007E-41FE-9FA7-E2936884342B}"
EndProject
Project("{FAE04EC0-301F-11D3-BF4B-00C04F79EFBC}") = "BlazorWasmApp.Client", "src\BlazorWasmApp\Client\BlazorWasmApp.Client.csproj", "{94413047-11B3-4D6C-972E-DB3BA84A6AE6}"
EndProject
Project("{FAE04EC0-301F-11D3-BF4B-00C04F79EFBC}") = "BlazorWasmApp.Shared", "src\BlazorWasmApp\Shared\BlazorWasmApp.Shared.csproj", "{C4F9B49E-452A-407B-87C1-85FB009C3E5A}"
EndProject
Global
	GlobalSection(SolutionConfigurationPlatforms) = preSolution
		Debug|Any CPU = Debug|Any CPU
		Release|Any CPU = Release|Any CPU
	EndGlobalSection
	GlobalSection(ProjectConfigurationPlatforms) = postSolution
		{5CA0564D-007E-41FE-9FA7-E2936884342B}.Debug|Any CPU.ActiveCfg = Debug|Any CPU
		{5CA0564D-007E-41FE-9FA7-E2936884342B}.Debug|Any CPU.Build.0 = Debug|Any CPU
		{5CA0564D-007E-41FE-9FA7-E2936884342B}.Release|Any CPU.ActiveCfg = Release|Any CPU
		{5CA0564D-007E-41FE-9FA7-E2936884342B}.Release|Any CPU.Build.0 = Release|Any CPU
		{94413047-11B3-4D6C-972E-DB3BA84A6AE6}.Debug|Any CPU.ActiveCfg = Debug|Any CPU
		{94413047-11B3-4D6C-972E-DB3BA84A6AE6}.Debug|Any CPU.Build.0 = Debug|Any CPU
		{94413047-11B3-4D6C-972E-DB3BA84A6AE6}.Release|Any CPU.ActiveCfg = Release|Any CPU
		{94413047-11B3-4D6C-972E-DB3BA84A6AE6}.Release|Any CPU.Build.0 = Release|Any CPU
		{C4F9B49E-452A-407B-87C1-85FB009C3E5A}.Debug|Any CPU.ActiveCfg = Debug|Any CPU
		{C4F9B49E-452A-407B-87C1-85FB009C3E5A}.Debug|Any CPU.Build.0 = Debug|Any CPU
		{C4F9B49E-452A-407B-87C1-85FB009C3E5A}.Release|Any CPU.ActiveCfg = Release|Any CPU
		{C4F9B49E-452A-407B-87C1-85FB009C3E5A}.Release|Any CPU.Build.0 = Release|Any CPU
	EndGlobalSection
	GlobalSection(SolutionProperties) = preSolution
		HideSolutionNode = FALSE
	EndGlobalSection
	GlobalSection(ExtensibilityGlobals) = postSolution
		SolutionGuid = {DED79235-4E96-4BE8-BC62-A293116E3C5E}
	EndGlobalSection
EndGlobal
